
Microsoft Visual Studio Solution File, Format Version 12.00
# Visual Studio Version 17
VisualStudioVersion = 17.8.34408.163
MinimumVisualStudioVersion = 10.0.40219.1
Project("{FAE04EC0-301F-11D3-BF4B-00C04F79EFBC}") = "UCon", "UCon.csproj", "{5E12D13D-1D0B-48B4-8122-C3C9C2B121EB}"
EndProject
Project("{FAE04EC0-301F-11D3-BF4B-00C04F79EFBC}") = "UConTestWF48", "..\..\UConTestWF48\UConTestWF48.csproj", "{89629E83-0675-4D6E-AAA7-B8A80E1CD8BD}"
EndProject
Global
	GlobalSection(SolutionConfigurationPlatforms) = preSolution
		Debug|Any CPU = Debug|Any CPU
		Release|Any CPU = Release|Any CPU
	EndGlobalSection
	GlobalSection(ProjectConfigurationPlatforms) = postSolution
		{5E12D13D-1D0B-48B4-8122-C3C9C2B121EB}.Debug|Any CPU.ActiveCfg = Debug|Any CPU
		{5E12D13D-1D0B-48B4-8122-C3C9C2B121EB}.Debug|Any CPU.Build.0 = Debug|Any CPU
		{5E12D13D-1D0B-48B4-8122-C3C9C2B121EB}.Release|Any CPU.ActiveCfg = Release|Any CPU
		{5E12D13D-1D0B-48B4-8122-C3C9C2B121EB}.Release|Any CPU.Build.0 = Release|Any CPU
		{89629E83-0675-4D6E-AAA7-B8A80E1CD8BD}.Debug|Any CPU.ActiveCfg = Debug|Any CPU
		{89629E83-0675-4D6E-AAA7-B8A80E1CD8BD}.Debug|Any CPU.Build.0 = Debug|Any CPU
		{89629E83-0675-4D6E-AAA7-B8A80E1CD8BD}.Release|Any CPU.ActiveCfg = Release|Any CPU
		{89629E83-0675-4D6E-AAA7-B8A80E1CD8BD}.Release|Any CPU.Build.0 = Release|Any CPU
	EndGlobalSection
	GlobalSection(SolutionProperties) = preSolution
		HideSolutionNode = FALSE
	EndGlobalSection
	GlobalSection(ExtensibilityGlobals) = postSolution
		SolutionGuid = {2B188D4F-F8E2-454F-B1CA-A766C9D0BBF2}
	EndGlobalSection
EndGlobal
